
Microsoft Visual Studio Solution File, Format Version 12.00
# Visual Studio Version 16
VisualStudioVersion = 16.0.31306.274
MinimumVisualStudioVersion = 10.0.40219.1
Project("{FAE04EC0-301F-11D3-BF4B-00C04F79EFBC}") = "First", "First\First.csproj", "{DD3364C4-A8BB-46AA-BAE7-6A6E260C0C5D}"
EndProject
Project("{FAE04EC0-301F-11D3-BF4B-00C04F79EFBC}") = "FirstApp", "FirstApp\FirstApp.csproj", "{3362200F-24DF-4674-9A4D-892DB71C6D5B}"
EndProject
Global
	GlobalSection(SolutionConfigurationPlatforms) = preSolution
		Debug|Any CPU = Debug|Any CPU
		Release|Any CPU = Release|Any CPU
	EndGlobalSection
	GlobalSection(ProjectConfigurationPlatforms) = postSolution
		{DD3364C4-A8BB-46AA-BAE7-6A6E260C0C5D}.Debug|Any CPU.ActiveCfg = Debug|Any CPU
		{DD3364C4-A8BB-46AA-BAE7-6A6E260C0C5D}.Debug|Any CPU.Build.0 = Debug|Any CPU
		{DD3364C4-A8BB-46AA-BAE7-6A6E260C0C5D}.Release|Any CPU.ActiveCfg = Release|Any CPU
		{DD3364C4-A8BB-46AA-BAE7-6A6E260C0C5D}.Release|Any CPU.Build.0 = Release|Any CPU
		{3362200F-24DF-4674-9A4D-892DB71C6D5B}.Debug|Any CPU.ActiveCfg = Debug|Any CPU
		{3362200F-24DF-4674-9A4D-892DB71C6D5B}.Debug|Any CPU.Build.0 = Debug|Any CPU
		{3362200F-24DF-4674-9A4D-892DB71C6D5B}.Release|Any CPU.ActiveCfg = Release|Any CPU
		{3362200F-24DF-4674-9A4D-892DB71C6D5B}.Release|Any CPU.Build.0 = Release|Any CPU
	EndGlobalSection
	GlobalSection(SolutionProperties) = preSolution
		HideSolutionNode = FALSE
	EndGlobalSection
	GlobalSection(ExtensibilityGlobals) = postSolution
		SolutionGuid = {FD3EB12B-0354-473D-B938-41096CB3D901}
	EndGlobalSection
EndGlobal
